// !$*UTF8*$!
{
	archiveVersion = 1;
	classes = {
	};
	objectVersion = 56;
	objects = {

/* Begin PBXBuildFile section */
		10EC745F2986DDFB0059CECA /* AppDelegate.swift in Sources */ = {isa = PBXBuildFile; fileRef = 10EC745E2986DDFB0059CECA /* AppDelegate.swift */; };
		10EC74612986DDFB0059CECA /* SceneDelegate.swift in Sources */ = {isa = PBXBuildFile; fileRef = 10EC74602986DDFB0059CECA /* SceneDelegate.swift */; };
		10EC74682986DDFC0059CECA /* Assets.xcassets in Resources */ = {isa = PBXBuildFile; fileRef = 10EC74672986DDFC0059CECA /* Assets.xcassets */; };
		10EC746B2986DDFC0059CECA /* LaunchScreen.storyboard in Resources */ = {isa = PBXBuildFile; fileRef = 10EC74692986DDFC0059CECA /* LaunchScreen.storyboard */; };
		10EC74772986E0940059CECA /* .gitignore in Resources */ = {isa = PBXBuildFile; fileRef = 10EC74762986E0940059CECA /* .gitignore */; };
		10EC747A2986E1A30059CECA /* Story.swift in Sources */ = {isa = PBXBuildFile; fileRef = 10EC74792986E1A30059CECA /* Story.swift */; };
		10EC747C2986E1B20059CECA /* StoryBrain.swift in Sources */ = {isa = PBXBuildFile; fileRef = 10EC747B2986E1B20059CECA /* StoryBrain.swift */; };
		10EC74802986F1860059CECA /* StartViewController.swift in Sources */ = {isa = PBXBuildFile; fileRef = 10EC747F2986F1860059CECA /* StartViewController.swift */; };
		10EC74822986F1E70059CECA /* MainView.swift in Sources */ = {isa = PBXBuildFile; fileRef = 10EC74812986F1E70059CECA /* MainView.swift */; };
		10EC74842986F5D90059CECA /* ChoiceButton.swift in Sources */ = {isa = PBXBuildFile; fileRef = 10EC74832986F5D90059CECA /* ChoiceButton.swift */; };
		10EC748729870B7D0059CECA /* Resources.swift in Sources */ = {isa = PBXBuildFile; fileRef = 10EC748629870B7D0059CECA /* Resources.swift */; };
/* End PBXBuildFile section */

/* Begin PBXFileReference section */
		10EC745B2986DDFB0059CECA /* Destini-Angela-Homework.app */ = {isa = PBXFileReference; explicitFileType = wrapper.application; includeInIndex = 0; path = "Destini-Angela-Homework.app"; sourceTree = BUILT_PRODUCTS_DIR; };
		10EC745E2986DDFB0059CECA /* AppDelegate.swift */ = {isa = PBXFileReference; lastKnownFileType = sourcecode.swift; path = AppDelegate.swift; sourceTree = "<group>"; };
		10EC74602986DDFB0059CECA /* SceneDelegate.swift */ = {isa = PBXFileReference; lastKnownFileType = sourcecode.swift; path = SceneDelegate.swift; sourceTree = "<group>"; };
		10EC74672986DDFC0059CECA /* Assets.xcassets */ = {isa = PBXFileReference; lastKnownFileType = folder.assetcatalog; path = Assets.xcassets; sourceTree = "<group>"; };
		10EC746A2986DDFC0059CECA /* Base */ = {isa = PBXFileReference; lastKnownFileType = file.storyboard; name = Base; path = Base.lproj/LaunchScreen.storyboard; sourceTree = "<group>"; };
		10EC746C2986DDFC0059CECA /* Info.plist */ = {isa = PBXFileReference; lastKnownFileType = text.plist.xml; path = Info.plist; sourceTree = "<group>"; };
		10EC74762986E0940059CECA /* .gitignore */ = {isa = PBXFileReference; lastKnownFileType = text; path = .gitignore; sourceTree = "<group>"; };
		10EC74792986E1A30059CECA /* Story.swift */ = {isa = PBXFileReference; lastKnownFileType = sourcecode.swift; path = Story.swift; sourceTree = "<group>"; };
		10EC747B2986E1B20059CECA /* StoryBrain.swift */ = {isa = PBXFileReference; lastKnownFileType = sourcecode.swift; path = StoryBrain.swift; sourceTree = "<group>"; };
		10EC747F2986F1860059CECA /* StartViewController.swift */ = {isa = PBXFileReference; lastKnownFileType = sourcecode.swift; path = StartViewController.swift; sourceTree = "<group>"; };
		10EC74812986F1E70059CECA /* MainView.swift */ = {isa = PBXFileReference; lastKnownFileType = sourcecode.swift; path = MainView.swift; sourceTree = "<group>"; };
		10EC74832986F5D90059CECA /* ChoiceButton.swift */ = {isa = PBXFileReference; lastKnownFileType = sourcecode.swift; path = ChoiceButton.swift; sourceTree = "<group>"; };
		10EC748629870B7D0059CECA /* Resources.swift */ = {isa = PBXFileReference; lastKnownFileType = sourcecode.swift; path = Resources.swift; sourceTree = "<group>"; };
/* End PBXFileReference section */

/* Begin PBXFrameworksBuildPhase section */
		10EC74582986DDFB0059CECA /* Frameworks */ = {
			isa = PBXFrameworksBuildPhase;
			buildActionMask = 2147483647;
			files = (
			);
			runOnlyForDeploymentPostprocessing = 0;
		};
/* End PBXFrameworksBuildPhase section */

/* Begin PBXGroup section */
		10EC74522986DDFB0059CECA = {
			isa = PBXGroup;
			children = (
				10EC74762986E0940059CECA /* .gitignore */,
				10EC745D2986DDFB0059CECA /* Destini-Angela-Homework */,
				10EC745C2986DDFB0059CECA /* Products */,
			);
			sourceTree = "<group>";
		};
		10EC745C2986DDFB0059CECA /* Products */ = {
			isa = PBXGroup;
			children = (
				10EC745B2986DDFB0059CECA /* Destini-Angela-Homework.app */,
			);
			name = Products;
			sourceTree = "<group>";
		};
		10EC745D2986DDFB0059CECA /* Destini-Angela-Homework */ = {
			isa = PBXGroup;
			children = (
				10EC748529870B640059CECA /* Resources */,
				10EC74782986E1860059CECA /* Model */,
				10EC74732986DE1D0059CECA /* View */,
				10EC74742986DE230059CECA /* Controller */,
				10EC74722986DE120059CECA /* Application */,
				10EC74692986DDFC0059CECA /* LaunchScreen.storyboard */,
				10EC74672986DDFC0059CECA /* Assets.xcassets */,
				10EC746C2986DDFC0059CECA /* Info.plist */,
			);
			path = "Destini-Angela-Homework";
			sourceTree = "<group>";
		};
		10EC74722986DE120059CECA /* Application */ = {
			isa = PBXGroup;
			children = (
				10EC745E2986DDFB0059CECA /* AppDelegate.swift */,
				10EC74602986DDFB0059CECA /* SceneDelegate.swift */,
			);
			path = Application;
			sourceTree = "<group>";
		};
		10EC74732986DE1D0059CECA /* View */ = {
			isa = PBXGroup;
			children = (
				10EC74812986F1E70059CECA /* MainView.swift */,
				10EC74832986F5D90059CECA /* ChoiceButton.swift */,
			);
			path = View;
			sourceTree = "<group>";
		};
		10EC74742986DE230059CECA /* Controller */ = {
			isa = PBXGroup;
			children = (
				10EC747F2986F1860059CECA /* StartViewController.swift */,
			);
			path = Controller;
			sourceTree = "<group>";
		};
		10EC74782986E1860059CECA /* Model */ = {
			isa = PBXGroup;
			children = (
				10EC74792986E1A30059CECA /* Story.swift */,
				10EC747B2986E1B20059CECA /* StoryBrain.swift */,
			);
			path = Model;
			sourceTree = "<group>";
		};
		10EC748529870B640059CECA /* Resources */ = {
			isa = PBXGroup;
			children = (
				10EC748629870B7D0059CECA /* Resources.swift */,
			);
			path = Resources;
			sourceTree = "<group>";
		};
/* End PBXGroup section */

/* Begin PBXNativeTarget section */
		10EC745A2986DDFB0059CECA /* Destini-Angela-Homework */ = {
			isa = PBXNativeTarget;
			buildConfigurationList = 10EC746F2986DDFC0059CECA /* Build configuration list for PBXNativeTarget "Destini-Angela-Homework" */;
			buildPhases = (
				10EC74572986DDFB0059CECA /* Sources */,
				10EC74582986DDFB0059CECA /* Frameworks */,
				10EC74592986DDFB0059CECA /* Resources */,
			);
			buildRules = (
			);
			dependencies = (
			);
			name = "Destini-Angela-Homework";
			productName = "Destuni-Angela-Homework";
			productReference = 10EC745B2986DDFB0059CECA /* Destini-Angela-Homework.app */;
			productType = "com.apple.product-type.application";
		};
/* End PBXNativeTarget section */

/* Begin PBXProject section */
		10EC74532986DDFB0059CECA /* Project object */ = {
			isa = PBXProject;
			attributes = {
				BuildIndependentTargetsInParallel = 1;
				LastSwiftUpdateCheck = 1400;
				LastUpgradeCheck = 1400;
				TargetAttributes = {
					10EC745A2986DDFB0059CECA = {
						CreatedOnToolsVersion = 14.0.1;
					};
				};
			};
			buildConfigurationList = 10EC74562986DDFB0059CECA /* Build configuration list for PBXProject "Destini-Angela-Homework" */;
			compatibilityVersion = "Xcode 14.0";
			developmentRegion = en;
			hasScannedForEncodings = 0;
			knownRegions = (
				en,
				Base,
			);
			mainGroup = 10EC74522986DDFB0059CECA;
			productRefGroup = 10EC745C2986DDFB0059CECA /* Products */;
			projectDirPath = "";
			projectRoot = "";
			targets = (
				10EC745A2986DDFB0059CECA /* Destini-Angela-Homework */,
			);
		};
/* End PBXProject section */

/* Begin PBXResourcesBuildPhase section */
		10EC74592986DDFB0059CECA /* Resources */ = {
			isa = PBXResourcesBuildPhase;
			buildActionMask = 2147483647;
			files = (
				10EC74772986E0940059CECA /* .gitignore in Resources */,
				10EC746B2986DDFC0059CECA /* LaunchScreen.storyboard in Resources */,
				10EC74682986DDFC0059CECA /* Assets.xcassets in Resources */,
			);
			runOnlyForDeploymentPostprocessing = 0;
		};
/* End PBXResourcesBuildPhase section */

/* Begin PBXSourcesBuildPhase section */
		10EC74572986DDFB0059CECA /* Sources */ = {
			isa = PBXSourcesBuildPhase;
			buildActionMask = 2147483647;
			files = (
				10EC74802986F1860059CECA /* StartViewController.swift in Sources */,
				10EC74822986F1E70059CECA /* MainView.swift in Sources */,
				10EC74842986F5D90059CECA /* ChoiceButton.swift in Sources */,
				10EC747C2986E1B20059CECA /* StoryBrain.swift in Sources */,
				10EC745F2986DDFB0059CECA /* AppDelegate.swift in Sources */,
				10EC748729870B7D0059CECA /* Resources.swift in Sources */,
				10EC74612986DDFB0059CECA /* SceneDelegate.swift in Sources */,
				10EC747A2986E1A30059CECA /* Story.swift in Sources */,
			);
			runOnlyForDeploymentPostprocessing = 0;
		};
/* End PBXSourcesBuildPhase section */

/* Begin PBXVariantGroup section */
		10EC74692986DDFC0059CECA /* LaunchScreen.storyboard */ = {
			isa = PBXVariantGroup;
			children = (
				10EC746A2986DDFC0059CECA /* Base */,
			);
			name = LaunchScreen.storyboard;
			sourceTree = "<group>";
		};
/* End PBXVariantGroup section */

/* Begin XCBuildConfiguration section */
		10EC746D2986DDFC0059CECA /* Debug */ = {
			isa = XCBuildConfiguration;
			buildSettings = {
				ALWAYS_SEARCH_USER_PATHS = NO;
				CLANG_ANALYZER_NONNULL = YES;
				CLANG_ANALYZER_NUMBER_OBJECT_CONVERSION = YES_AGGRESSIVE;
				CLANG_CXX_LANGUAGE_STANDARD = "gnu++20";
				CLANG_ENABLE_MODULES = YES;
				CLANG_ENABLE_OBJC_ARC = YES;
				CLANG_ENABLE_OBJC_WEAK = YES;
				CLANG_WARN_BLOCK_CAPTURE_AUTORELEASING = YES;
				CLANG_WARN_BOOL_CONVERSION = YES;
				CLANG_WARN_COMMA = YES;
				CLANG_WARN_CONSTANT_CONVERSION = YES;
				CLANG_WARN_DEPRECATED_OBJC_IMPLEMENTATIONS = YES;
				CLANG_WARN_DIRECT_OBJC_ISA_USAGE = YES_ERROR;
				CLANG_WARN_DOCUMENTATION_COMMENTS = YES;
				CLANG_WARN_EMPTY_BODY = YES;
				CLANG_WARN_ENUM_CONVERSION = YES;
				CLANG_WARN_INFINITE_RECURSION = YES;
				CLANG_WARN_INT_CONVERSION = YES;
				CLANG_WARN_NON_LITERAL_NULL_CONVERSION = YES;
				CLANG_WARN_OBJC_IMPLICIT_RETAIN_SELF = YES;
				CLANG_WARN_OBJC_LITERAL_CONVERSION = YES;
				CLANG_WARN_OBJC_ROOT_CLASS = YES_ERROR;
				CLANG_WARN_QUOTED_INCLUDE_IN_FRAMEWORK_HEADER = YES;
				CLANG_WARN_RANGE_LOOP_ANALYSIS = YES;
				CLANG_WARN_STRICT_PROTOTYPES = YES;
				CLANG_WARN_SUSPICIOUS_MOVE = YES;
				CLANG_WARN_UNGUARDED_AVAILABILITY = YES_AGGRESSIVE;
				CLANG_WARN_UNREACHABLE_CODE = YES;
				CLANG_WARN__DUPLICATE_METHOD_MATCH = YES;
				COPY_PHASE_STRIP = NO;
				DEBUG_INFORMATION_FORMAT = dwarf;
				ENABLE_STRICT_OBJC_MSGSEND = YES;
				ENABLE_TESTABILITY = YES;
				GCC_C_LANGUAGE_STANDARD = gnu11;
				GCC_DYNAMIC_NO_PIC = NO;
				GCC_NO_COMMON_BLOCKS = YES;
				GCC_OPTIMIZATION_LEVEL = 0;
				GCC_PREPROCESSOR_DEFINITIONS = (
					"DEBUG=1",
					"$(inherited)",
				);
				GCC_WARN_64_TO_32_BIT_CONVERSION = YES;
				GCC_WARN_ABOUT_RETURN_TYPE = YES_ERROR;
				GCC_WARN_UNDECLARED_SELECTOR = YES;
				GCC_WARN_UNINITIALIZED_AUTOS = YES_AGGRESSIVE;
				GCC_WARN_UNUSED_FUNCTION = YES;
				GCC_WARN_UNUSED_VARIABLE = YES;
				IPHONEOS_DEPLOYMENT_TARGET = 16.0;
				MTL_ENABLE_DEBUG_INFO = INCLUDE_SOURCE;
				MTL_FAST_MATH = YES;
				ONLY_ACTIVE_ARCH = YES;
				SDKROOT = iphoneos;
				SWIFT_ACTIVE_COMPILATION_CONDITIONS = DEBUG;
				SWIFT_OPTIMIZATION_LEVEL = "-Onone";
			};
			name = Debug;
		};
		10EC746E2986DDFC0059CECA /* Release */ = {
			isa = XCBuildConfiguration;
			buildSettings = {
				ALWAYS_SEARCH_USER_PATHS = NO;
				CLANG_ANALYZER_NONNULL = YES;
				CLANG_ANALYZER_NUMBER_OBJECT_CONVERSION = YES_AGGRESSIVE;
				CLANG_CXX_LANGUAGE_STANDARD = "gnu++20";
				CLANG_ENABLE_MODULES = YES;
				CLANG_ENABLE_OBJC_ARC = YES;
				CLANG_ENABLE_OBJC_WEAK = YES;
				CLANG_WARN_BLOCK_CAPTURE_AUTORELEASING = YES;
				CLANG_WARN_BOOL_CONVERSION = YES;
				CLANG_WARN_COMMA = YES;
				CLANG_WARN_CONSTANT_CONVERSION = YES;
				CLANG_WARN_DEPRECATED_OBJC_IMPLEMENTATIONS = YES;
				CLANG_WARN_DIRECT_OBJC_ISA_USAGE = YES_ERROR;
				CLANG_WARN_DOCUMENTATION_COMMENTS = YES;
				CLANG_WARN_EMPTY_BODY = YES;
				CLANG_WARN_ENUM_CONVERSION = YES;
				CLANG_WARN_INFINITE_RECURSION = YES;
				CLANG_WARN_INT_CONVERSION = YES;
				CLANG_WARN_NON_LITERAL_NULL_CONVERSION = YES;
				CLANG_WARN_OBJC_IMPLICIT_RETAIN_SELF = YES;
				CLANG_WARN_OBJC_LITERAL_CONVERSION = YES;
				CLANG_WARN_OBJC_ROOT_CLASS = YES_ERROR;
				CLANG_WARN_QUOTED_INCLUDE_IN_FRAMEWORK_HEADER = YES;
				CLANG_WARN_RANGE_LOOP_ANALYSIS = YES;
				CLANG_WARN_STRICT_PROTOTYPES = YES;
				CLANG_WARN_SUSPICIOUS_MOVE = YES;
				CLANG_WARN_UNGUARDED_AVAILABILITY = YES_AGGRESSIVE;
				CLANG_WARN_UNREACHABLE_CODE = YES;
				CLANG_WARN__DUPLICATE_METHOD_MATCH = YES;
				COPY_PHASE_STRIP = NO;
				DEBUG_INFORMATION_FORMAT = "dwarf-with-dsym";
				ENABLE_NS_ASSERTIONS = NO;
				ENABLE_STRICT_OBJC_MSGSEND = YES;
				GCC_C_LANGUAGE_STANDARD = gnu11;
				GCC_NO_COMMON_BLOCKS = YES;
				GCC_WARN_64_TO_32_BIT_CONVERSION = YES;
				GCC_WARN_ABOUT_RETURN_TYPE = YES_ERROR;
				GCC_WARN_UNDECLARED_SELECTOR = YES;
				GCC_WARN_UNINITIALIZED_AUTOS = YES_AGGRESSIVE;
				GCC_WARN_UNUSED_FUNCTION = YES;
				GCC_WARN_UNUSED_VARIABLE = YES;
				IPHONEOS_DEPLOYMENT_TARGET = 16.0;
				MTL_ENABLE_DEBUG_INFO = NO;
				MTL_FAST_MATH = YES;
				SDKROOT = iphoneos;
				SWIFT_COMPILATION_MODE = wholemodule;
				SWIFT_OPTIMIZATION_LEVEL = "-O";
				VALIDATE_PRODUCT = YES;
			};
			name = Release;
		};
		10EC74702986DDFC0059CECA /* Debug */ = {
			isa = XCBuildConfiguration;
			buildSettings = {
				ASSETCATALOG_COMPILER_APPICON_NAME = AppIcon;
				ASSETCATALOG_COMPILER_GLOBAL_ACCENT_COLOR_NAME = AccentColor;
				CODE_SIGN_STYLE = Automatic;
				CURRENT_PROJECT_VERSION = 1;
				DEVELOPMENT_TEAM = N2CSX799P5;
				GENERATE_INFOPLIST_FILE = YES;
				INFOPLIST_FILE = "Destini-Angela-Homework/Info.plist";
				INFOPLIST_KEY_UIApplicationSupportsIndirectInputEvents = YES;
				INFOPLIST_KEY_UILaunchStoryboardName = LaunchScreen;
				INFOPLIST_KEY_UIMainStoryboardFile = "";
				INFOPLIST_KEY_UISupportedInterfaceOrientations = "UIInterfaceOrientationLandscapeLeft UIInterfaceOrientationLandscapeRight UIInterfaceOrientationPortrait";
				INFOPLIST_KEY_UISupportedInterfaceOrientations_iPad = "UIInterfaceOrientationLandscapeLeft UIInterfaceOrientationLandscapeRight UIInterfaceOrientationPortrait UIInterfaceOrientationPortraitUpsideDown";
				IPHONEOS_DEPLOYMENT_TARGET = 15.0;
				LD_RUNPATH_SEARCH_PATHS = (
					"$(inherited)",
					"@executable_path/Frameworks",
				);
				MARKETING_VERSION = 1.0;
				PRODUCT_BUNDLE_IDENTIFIER = "com.babaika.Destuni-Angela-Homework";
				PRODUCT_NAME = "$(TARGET_NAME)";
				SUPPORTED_PLATFORMS = "iphoneos iphonesimulator";
				SUPPORTS_MACCATALYST = NO;
				SUPPORTS_MAC_DESIGNED_FOR_IPHONE_IPAD = NO;
				SWIFT_EMIT_LOC_STRINGS = YES;
				SWIFT_VERSION = 5.0;
				TARGETED_DEVICE_FAMILY = 1;
			};
			name = Debug;
		};
		10EC74712986DDFC0059CECA /* Release */ = {
			isa = XCBuildConfiguration;
			buildSettings = {
				ASSETCATALOG_COMPILER_APPICON_NAME = AppIcon;
				ASSETCATALOG_COMPILER_GLOBAL_ACCENT_COLOR_NAME = AccentColor;
				CODE_SIGN_STYLE = Automatic;
				CURRENT_PROJECT_VERSION = 1;
				DEVELOPMENT_TEAM = N2CSX799P5;
				GENERATE_INFOPLIST_FILE = YES;
				INFOPLIST_FILE = "Destini-Angela-Homework/Info.plist";
				INFOPLIST_KEY_UIApplicationSupportsIndirectInputEvents = YES;
				INFOPLIST_KEY_UILaunchStoryboardName = LaunchScreen;
				INFOPLIST_KEY_UIMainStoryboardFile = "";
				INFOPLIST_KEY_UISupportedInterfaceOrientations = "UIInterfaceOrientationLandscapeLeft UIInterfaceOrientationLandscapeRight UIInterfaceOrientationPortrait";
				INFOPLIST_KEY_UISupportedInterfaceOrientations_iPad = "UIInterfaceOrientationLandscapeLeft UIInterfaceOrientationLandscapeRight UIInterfaceOrientationPortrait UIInterfaceOrientationPortraitUpsideDown";
				IPHONEOS_DEPLOYMENT_TARGET = 15.0;
				LD_RUNPATH_SEARCH_PATHS = (
					"$(inherited)",
					"@executable_path/Frameworks",
				);
				MARKETING_VERSION = 1.0;
				PRODUCT_BUNDLE_IDENTIFIER = "com.babaika.Destuni-Angela-Homework";
				PRODUCT_NAME = "$(TARGET_NAME)";
				SUPPORTED_PLATFORMS = "iphoneos iphonesimulator";
				SUPPORTS_MACCATALYST = NO;
				SUPPORTS_MAC_DESIGNED_FOR_IPHONE_IPAD = NO;
				SWIFT_EMIT_LOC_STRINGS = YES;
				SWIFT_VERSION = 5.0;
				TARGETED_DEVICE_FAMILY = 1;
			};
			name = Release;
		};
/* End XCBuildConfiguration section */

/* Begin XCConfigurationList section */
		10EC74562986DDFB0059CECA /* Build configuration list for PBXProject "Destini-Angela-Homework" */ = {
			isa = XCConfigurationList;
			buildConfigurations = (
				10EC746D2986DDFC0059CECA /* Debug */,
				10EC746E2986DDFC0059CECA /* Release */,
			);
			defaultConfigurationIsVisible = 0;
			defaultConfigurationName = Release;
		};
		10EC746F2986DDFC0059CECA /* Build configuration list for PBXNativeTarget "Destini-Angela-Homework" */ = {
			isa = XCConfigurationList;
			buildConfigurations = (
				10EC74702986DDFC0059CECA /* Debug */,
				10EC74712986DDFC0059CECA /* Release */,
			);
			defaultConfigurationIsVisible = 0;
			defaultConfigurationName = Release;
		};
/* End XCConfigurationList section */
	};
	rootObject = 10EC74532986DDFB0059CECA /* Project object */;
}
